
Microsoft Visual Studio Solution File, Format Version 12.00
# Visual Studio Version 17
VisualStudioVersion = 17.3.32929.385
MinimumVisualStudioVersion = 10.0.40219.1
Project("{FAE04EC0-301F-11D3-BF4B-00C04F79EFBC}") = "csharp-banca-oop", "csharp-banca-oop.csproj", "{51451CA4-0807-4DCB-8E71-04F1189D9D4B}"
EndProject
Global
	GlobalSection(SolutionConfigurationPlatforms) = preSolution
		Debug|Any CPU = Debug|Any CPU
		Release|Any CPU = Release|Any CPU
	EndGlobalSection
	GlobalSection(ProjectConfigurationPlatforms) = postSolution
		{51451CA4-0807-4DCB-8E71-04F1189D9D4B}.Debug|Any CPU.ActiveCfg = Debug|Any CPU
		{51451CA4-0807-4DCB-8E71-04F1189D9D4B}.Debug|Any CPU.Build.0 = Debug|Any CPU
		{51451CA4-0807-4DCB-8E71-04F1189D9D4B}.Release|Any CPU.ActiveCfg = Release|Any CPU
		{51451CA4-0807-4DCB-8E71-04F1189D9D4B}.Release|Any CPU.Build.0 = Release|Any CPU
	EndGlobalSection
	GlobalSection(SolutionProperties) = preSolution
		HideSolutionNode = FALSE
	EndGlobalSection
	GlobalSection(ExtensibilityGlobals) = postSolution
		SolutionGuid = {5DBAFCA1-9533-4C98-8C86-467875C238EF}
	EndGlobalSection
EndGlobal
